{
  "originHash" : "471e59eb3ce1f697200ce8e807d75c97a2b2065d8033fd5c430fc887e3c33f05",
  "pins" : [
    {
      "identity" : "swift-mustache",
      "kind" : "remoteSourceControl",
      "location" : "https://github.com/hummingbird-project/swift-mustache",
      "state" : {
        "revision" : "cde358e364ab26f2b72a5f70613cfb0a574de6c9",
        "version" : "2.0.0-beta.3"
      }
    },
    {
      "identity" : "swift-syntax",
      "kind" : "remoteSourceControl",
      "location" : "https://github.com/swiftlang/swift-syntax",
      "state" : {
        "revision" : "303e5c5c36d6a558407d364878df131c3546fad8",
        "version" : "510.0.2"
      }
    }
  ],
  "version" : 3
}
