{
  "originHash" : "5fb3f3f652f6046ecafacd4cf94fd7cbc6347977cdfde61d767ba9728638b23b",
  "pins" : [
    {
      "identity" : "swift-mustache",
      "kind" : "remoteSourceControl",
      "location" : "https://github.com/hummingbird-project/swift-mustache",
      "state" : {
        "revision" : "5bb66ac425ec25fd45e0cd7d3829d73e45096352",
        "version" : "2.0.0-beta.2"
      }
    },
    {
      "identity" : "swift-syntax",
      "kind" : "remoteSourceControl",
      "location" : "https://github.com/swiftlang/swift-syntax",
      "state" : {
        "revision" : "303e5c5c36d6a558407d364878df131c3546fad8",
        "version" : "510.0.2"
      }
    }
  ],
  "version" : 3
}
