{
  "originHash" : "ce25c9bdeb39120a6e58c3aa2fa205e436aca11542cc194f7b4520aecb86b27d",
  "pins" : [
    {
      "identity" : "swift-mustache",
      "kind" : "remoteSourceControl",
      "location" : "https://github.com/mahdibm/swift-mustache",
      "state" : {
        "branch" : "mmbm-swift-6",
        "revision" : "e23122de36452ff04699b0fccc9a53866250c239"
      }
    },
    {
      "identity" : "swift-syntax",
      "kind" : "remoteSourceControl",
      "location" : "https://github.com/swiftlang/swift-syntax",
      "state" : {
        "revision" : "4c6cc0a3b9e8f14b3ae2307c5ccae4de6167ac2c",
        "version" : "600.0.0-prerelease-2024-06-12"
      }
    },
    {
      "identity" : "swift-testing",
      "kind" : "remoteSourceControl",
      "location" : "https://github.com/apple/swift-testing",
      "state" : {
        "revision" : "69d59cfc76e5daf498ca61f5af409f594768eef9",
        "version" : "0.10.0"
      }
    }
  ],
  "version" : 3
}
